
Microsoft Visual Studio Solution File, Format Version 12.00
# Visual Studio Version 17
VisualStudioVersion = 17.14.36518.9 d17.14
MinimumVisualStudioVersion = 10.0.40219.1
Project("{FAE04EC0-301F-11D3-BF4B-00C04F79EFBC}") = "TrinityCareMedica.UI", "TrinityCareMedica.UI.csproj", "{639172FF-5868-99D3-E8D2-E66108090D61}"
EndProject
Project("{FAE04EC0-301F-11D3-BF4B-00C04F79EFBC}") = "TrinityCareMedica.Model", "..\TrinityCareMedica.Model\TrinityCareMedica.Model.csproj", "{292CF088-B761-3E02-0092-EF47F58C6F10}"
EndProject
Project("{00D1A9C2-B5F0-4AF3-8072-F6C62B433612}") = "TrinityCareMedica.DB", "..\TrinityCareMedica.DB\TrinityCareMedica.DB.sqlproj", "{A1F37D94-9F69-4142-815C-287B8EDDB1CE}"
EndProject
Project("{FAE04EC0-301F-11D3-BF4B-00C04F79EFBC}") = "TrinityCareMedica.Businesslogic", "..\TrinityCareMedica.Businesslogic\TrinityCareMedica.Businesslogic.csproj", "{D556B2EF-5083-CC36-DEAD-323ECB76860F}"
EndProject
Global
	GlobalSection(SolutionConfigurationPlatforms) = preSolution
		Debug|Any CPU = Debug|Any CPU
		Release|Any CPU = Release|Any CPU
	EndGlobalSection
	GlobalSection(ProjectConfigurationPlatforms) = postSolution
		{639172FF-5868-99D3-E8D2-E66108090D61}.Debug|Any CPU.ActiveCfg = Debug|Any CPU
		{639172FF-5868-99D3-E8D2-E66108090D61}.Debug|Any CPU.Build.0 = Debug|Any CPU
		{639172FF-5868-99D3-E8D2-E66108090D61}.Release|Any CPU.ActiveCfg = Release|Any CPU
		{639172FF-5868-99D3-E8D2-E66108090D61}.Release|Any CPU.Build.0 = Release|Any CPU
		{292CF088-B761-3E02-0092-EF47F58C6F10}.Debug|Any CPU.ActiveCfg = Debug|Any CPU
		{292CF088-B761-3E02-0092-EF47F58C6F10}.Debug|Any CPU.Build.0 = Debug|Any CPU
		{292CF088-B761-3E02-0092-EF47F58C6F10}.Release|Any CPU.ActiveCfg = Release|Any CPU
		{292CF088-B761-3E02-0092-EF47F58C6F10}.Release|Any CPU.Build.0 = Release|Any CPU
		{A1F37D94-9F69-4142-815C-287B8EDDB1CE}.Debug|Any CPU.ActiveCfg = Debug|Any CPU
		{A1F37D94-9F69-4142-815C-287B8EDDB1CE}.Debug|Any CPU.Build.0 = Debug|Any CPU
		{A1F37D94-9F69-4142-815C-287B8EDDB1CE}.Debug|Any CPU.Deploy.0 = Debug|Any CPU
		{A1F37D94-9F69-4142-815C-287B8EDDB1CE}.Release|Any CPU.ActiveCfg = Release|Any CPU
		{A1F37D94-9F69-4142-815C-287B8EDDB1CE}.Release|Any CPU.Build.0 = Release|Any CPU
		{A1F37D94-9F69-4142-815C-287B8EDDB1CE}.Release|Any CPU.Deploy.0 = Release|Any CPU
		{D556B2EF-5083-CC36-DEAD-323ECB76860F}.Debug|Any CPU.ActiveCfg = Debug|Any CPU
		{D556B2EF-5083-CC36-DEAD-323ECB76860F}.Debug|Any CPU.Build.0 = Debug|Any CPU
		{D556B2EF-5083-CC36-DEAD-323ECB76860F}.Release|Any CPU.ActiveCfg = Release|Any CPU
		{D556B2EF-5083-CC36-DEAD-323ECB76860F}.Release|Any CPU.Build.0 = Release|Any CPU
	EndGlobalSection
	GlobalSection(SolutionProperties) = preSolution
		HideSolutionNode = FALSE
	EndGlobalSection
	GlobalSection(ExtensibilityGlobals) = postSolution
		SolutionGuid = {82D109FC-4838-4B36-8E45-F46A6B85B39A}
	EndGlobalSection
EndGlobal
